
Microsoft Visual Studio Solution File, Format Version 12.00
# Visual Studio Version 17
VisualStudioVersion = 17.14.36717.8 d17.14
MinimumVisualStudioVersion = 10.0.40219.1
Project("{54A90642-561A-4BB1-A94E-469ADEE60C69}") = "saga.client", "saga.client\saga.client.esproj", "{750F5F92-2006-95CA-0D91-BD86BFC57808}"
EndProject
Project("{FAE04EC0-301F-11D3-BF4B-00C04F79EFBC}") = "Saga.Server", "Saga.Server\Saga.Server.csproj", "{C658B982-501A-49AB-9F64-69425DDCBD81}"
EndProject
Global
	GlobalSection(SolutionConfigurationPlatforms) = preSolution
		Debug|Any CPU = Debug|Any CPU
		Release|Any CPU = Release|Any CPU
	EndGlobalSection
	GlobalSection(ProjectConfigurationPlatforms) = postSolution
		{750F5F92-2006-95CA-0D91-BD86BFC57808}.Debug|Any CPU.ActiveCfg = Debug|Any CPU
		{750F5F92-2006-95CA-0D91-BD86BFC57808}.Debug|Any CPU.Build.0 = Debug|Any CPU
		{750F5F92-2006-95CA-0D91-BD86BFC57808}.Debug|Any CPU.Deploy.0 = Debug|Any CPU
		{750F5F92-2006-95CA-0D91-BD86BFC57808}.Release|Any CPU.ActiveCfg = Release|Any CPU
		{750F5F92-2006-95CA-0D91-BD86BFC57808}.Release|Any CPU.Build.0 = Release|Any CPU
		{750F5F92-2006-95CA-0D91-BD86BFC57808}.Release|Any CPU.Deploy.0 = Release|Any CPU
		{C658B982-501A-49AB-9F64-69425DDCBD81}.Debug|Any CPU.ActiveCfg = Debug|Any CPU
		{C658B982-501A-49AB-9F64-69425DDCBD81}.Debug|Any CPU.Build.0 = Debug|Any CPU
		{C658B982-501A-49AB-9F64-69425DDCBD81}.Release|Any CPU.ActiveCfg = Release|Any CPU
		{C658B982-501A-49AB-9F64-69425DDCBD81}.Release|Any CPU.Build.0 = Release|Any CPU
	EndGlobalSection
	GlobalSection(SolutionProperties) = preSolution
		HideSolutionNode = FALSE
	EndGlobalSection
	GlobalSection(ExtensibilityGlobals) = postSolution
		SolutionGuid = {4207456C-78A6-4AC9-8BD9-A8547722DCE3}
	EndGlobalSection
EndGlobal
